
Microsoft Visual Studio Solution File, Format Version 12.00
# Visual Studio Version 16
VisualStudioVersion = 16.0.31410.357
MinimumVisualStudioVersion = 10.0.40219.1
Project("{FAE04EC0-301F-11D3-BF4B-00C04F79EFBC}") = "Users", "Users.csproj", "{A6F04E25-E049-4D07-8FBD-FA0EDB705AB2}"
EndProject
Global
	GlobalSection(SolutionConfigurationPlatforms) = preSolution
		Debug|Any CPU = Debug|Any CPU
		Release|Any CPU = Release|Any CPU
	EndGlobalSection
	GlobalSection(ProjectConfigurationPlatforms) = postSolution
		{A6F04E25-E049-4D07-8FBD-FA0EDB705AB2}.Debug|Any CPU.ActiveCfg = Debug|Any CPU
		{A6F04E25-E049-4D07-8FBD-FA0EDB705AB2}.Debug|Any CPU.Build.0 = Debug|Any CPU
		{A6F04E25-E049-4D07-8FBD-FA0EDB705AB2}.Release|Any CPU.ActiveCfg = Release|Any CPU
		{A6F04E25-E049-4D07-8FBD-FA0EDB705AB2}.Release|Any CPU.Build.0 = Release|Any CPU
	EndGlobalSection
	GlobalSection(SolutionProperties) = preSolution
		HideSolutionNode = FALSE
	EndGlobalSection
	GlobalSection(ExtensibilityGlobals) = postSolution
		SolutionGuid = {B1B3EFE3-A3CD-4F63-9851-E056219C8A46}
	EndGlobalSection
EndGlobal
